// !$*UTF8*$!
{
	archiveVersion = 1;
	classes = {
	};
	objectVersion = 46;
	objects = {

/* Begin PBXBuildFile section */
		179881EB1BA31E3A00F91F99 /* AppDelegate.swift in Sources */ = {isa = PBXBuildFile; fileRef = 179881EA1BA31E3A00F91F99 /* AppDelegate.swift */; };
		179881ED1BA31E3A00F91F99 /* ViewController.swift in Sources */ = {isa = PBXBuildFile; fileRef = 179881EC1BA31E3A00F91F99 /* ViewController.swift */; };
		179881F01BA31E3A00F91F99 /* Main.storyboard in Resources */ = {isa = PBXBuildFile; fileRef = 179881EE1BA31E3A00F91F99 /* Main.storyboard */; };
		179881F21BA31E3B00F91F99 /* Assets.xcassets in Resources */ = {isa = PBXBuildFile; fileRef = 179881F11BA31E3B00F91F99 /* Assets.xcassets */; };
		179881F51BA31E3B00F91F99 /* LaunchScreen.storyboard in Resources */ = {isa = PBXBuildFile; fileRef = 179881F31BA31E3B00F91F99 /* LaunchScreen.storyboard */; };
/* End PBXBuildFile section */

/* Begin PBXFileReference section */
		179881E71BA31E3A00F91F99 /* LogoHidder.app */ = {isa = PBXFileReference; explicitFileType = wrapper.application; includeInIndex = 0; path = LogoHidder.app; sourceTree = BUILT_PRODUCTS_DIR; };
		179881EA1BA31E3A00F91F99 /* AppDelegate.swift */ = {isa = PBXFileReference; lastKnownFileType = sourcecode.swift; path = AppDelegate.swift; sourceTree = "<group>"; };
		179881EC1BA31E3A00F91F99 /* ViewController.swift */ = {isa = PBXFileReference; lastKnownFileType = sourcecode.swift; path = ViewController.swift; sourceTree = "<group>"; };
		179881EF1BA31E3A00F91F99 /* Base */ = {isa = PBXFileReference; lastKnownFileType = file.storyboard; name = Base; path = Base.lproj/Main.storyboard; sourceTree = "<group>"; };
		179881F11BA31E3B00F91F99 /* Assets.xcassets */ = {isa = PBXFileReference; lastKnownFileType = folder.assetcatalog; path = Assets.xcassets; sourceTree = "<group>"; };
		179881F41BA31E3B00F91F99 /* Base */ = {isa = PBXFileReference; lastKnownFileType = file.storyboard; name = Base; path = Base.lproj/LaunchScreen.storyboard; sourceTree = "<group>"; };
		179881F61BA31E3B00F91F99 /* Info.plist */ = {isa = PBXFileReference; lastKnownFileType = text.plist.xml; path = Info.plist; sourceTree = "<group>"; };
/* End PBXFileReference section */

/* Begin PBXFrameworksBuildPhase section */
		179881E41BA31E3A00F91F99 /* Frameworks */ = {
			isa = PBXFrameworksBuildPhase;
			buildActionMask = 2147483647;
			files = (
			);
			runOnlyForDeploymentPostprocessing = 0;
		};
/* End PBXFrameworksBuildPhase section */

/* Begin PBXGroup section */
		179881DE1BA31E3A00F91F99 = {
			isa = PBXGroup;
			children = (
				179881E91BA31E3A00F91F99 /* LogoHidder */,
				179881E81BA31E3A00F91F99 /* Products */,
			);
			sourceTree = "<group>";
		};
		179881E81BA31E3A00F91F99 /* Products */ = {
			isa = PBXGroup;
			children = (
				179881E71BA31E3A00F91F99 /* LogoHidder.app */,
			);
			name = Products;
			sourceTree = "<group>";
		};
		179881E91BA31E3A00F91F99 /* LogoHidder */ = {
			isa = PBXGroup;
			children = (
				179881EA1BA31E3A00F91F99 /* AppDelegate.swift */,
				179881EC1BA31E3A00F91F99 /* ViewController.swift */,
				179881EE1BA31E3A00F91F99 /* Main.storyboard */,
				179881F11BA31E3B00F91F99 /* Assets.xcassets */,
				179881F31BA31E3B00F91F99 /* LaunchScreen.storyboard */,
				179881F61BA31E3B00F91F99 /* Info.plist */,
			);
			path = LogoHidder;
			sourceTree = "<group>";
		};
/* End PBXGroup section */

/* Begin PBXNativeTarget section */
		179881E61BA31E3A00F91F99 /* LogoHidder */ = {
			isa = PBXNativeTarget;
			buildConfigurationList = 179881F91BA31E3B00F91F99 /* Build configuration list for PBXNativeTarget "LogoHidder" */;
			buildPhases = (
				179881E31BA31E3A00F91F99 /* Sources */,
				179881E41BA31E3A00F91F99 /* Frameworks */,
				179881E51BA31E3A00F91F99 /* Resources */,
			);
			buildRules = (
			);
			dependencies = (
			);
			name = LogoHidder;
			productName = LogoHidder;
			productReference = 179881E71BA31E3A00F91F99 /* LogoHidder.app */;
			productType = "com.apple.product-type.application";
		};
/* End PBXNativeTarget section */

/* Begin PBXProject section */
		179881DF1BA31E3A00F91F99 /* Project object */ = {
			isa = PBXProject;
			attributes = {
				LastUpgradeCheck = 0710;
				ORGANIZATIONNAME = "Jeff Sharon";
				TargetAttributes = {
					179881E61BA31E3A00F91F99 = {
						CreatedOnToolsVersion = 7.1;
					};
				};
			};
			buildConfigurationList = 179881E21BA31E3A00F91F99 /* Build configuration list for PBXProject "LogoHidder" */;
			compatibilityVersion = "Xcode 3.2";
			developmentRegion = English;
			hasScannedForEncodings = 0;
			knownRegions = (
				en,
				Base,
			);
			mainGroup = 179881DE1BA31E3A00F91F99;
			productRefGroup = 179881E81BA31E3A00F91F99 /* Products */;
			projectDirPath = "";
			projectRoot = "";
			targets = (
				179881E61BA31E3A00F91F99 /* LogoHidder */,
			);
		};
/* End PBXProject section */

/* Begin PBXResourcesBuildPhase section */
		179881E51BA31E3A00F91F99 /* Resources */ = {
			isa = PBXResourcesBuildPhase;
			buildActionMask = 2147483647;
			files = (
				179881F51BA31E3B00F91F99 /* LaunchScreen.storyboard in Resources */,
				179881F21BA31E3B00F91F99 /* Assets.xcassets in Resources */,
				179881F01BA31E3A00F91F99 /* Main.storyboard in Resources */,
			);
			runOnlyForDeploymentPostprocessing = 0;
		};
/* End PBXResourcesBuildPhase section */

/* Begin PBXSourcesBuildPhase section */
		179881E31BA31E3A00F91F99 /* Sources */ = {
			isa = PBXSourcesBuildPhase;
			buildActionMask = 2147483647;
			files = (
				179881ED1BA31E3A00F91F99 /* ViewController.swift in Sources */,
				179881EB1BA31E3A00F91F99 /* AppDelegate.swift in Sources */,
			);
			runOnlyForDeploymentPostprocessing = 0;
		};
/* End PBXSourcesBuildPhase section */

/* Begin PBXVariantGroup section */
		179881EE1BA31E3A00F91F99 /* Main.storyboard */ = {
			isa = PBXVariantGroup;
			children = (
				179881EF1BA31E3A00F91F99 /* Base */,
			);
			name = Main.storyboard;
			sourceTree = "<group>";
		};
		179881F31BA31E3B00F91F99 /* LaunchScreen.storyboard */ = {
			isa = PBXVariantGroup;
			children = (
				179881F41BA31E3B00F91F99 /* Base */,
			);
			name = LaunchScreen.storyboard;
			sourceTree = "<group>";
		};
/* End PBXVariantGroup section */

/* Begin XCBuildConfiguration section */
		179881F71BA31E3B00F91F99 /* Debug */ = {
			isa = XCBuildConfiguration;
			buildSettings = {
				ALWAYS_SEARCH_USER_PATHS = NO;
				CLANG_CXX_LANGUAGE_STANDARD = "gnu++0x";
				CLANG_CXX_LIBRARY = "libc++";
				CLANG_ENABLE_MODULES = YES;
				CLANG_ENABLE_OBJC_ARC = YES;
				CLANG_WARN_BOOL_CONVERSION = YES;
				CLANG_WARN_CONSTANT_CONVERSION = YES;
				CLANG_WARN_DIRECT_OBJC_ISA_USAGE = YES_ERROR;
				CLANG_WARN_EMPTY_BODY = YES;
				CLANG_WARN_ENUM_CONVERSION = YES;
				CLANG_WARN_INT_CONVERSION = YES;
				CLANG_WARN_OBJC_ROOT_CLASS = YES_ERROR;
				CLANG_WARN_UNREACHABLE_CODE = YES;
				CLANG_WARN__DUPLICATE_METHOD_MATCH = YES;
				"CODE_SIGN_IDENTITY[sdk=iphoneos*]" = "iPhone Developer";
				COPY_PHASE_STRIP = NO;
				DEBUG_INFORMATION_FORMAT = dwarf;
				ENABLE_STRICT_OBJC_MSGSEND = YES;
				ENABLE_TESTABILITY = YES;
				GCC_C_LANGUAGE_STANDARD = gnu99;
				GCC_DYNAMIC_NO_PIC = NO;
				GCC_NO_COMMON_BLOCKS = YES;
				GCC_OPTIMIZATION_LEVEL = 0;
				GCC_PREPROCESSOR_DEFINITIONS = (
					"DEBUG=1",
					"$(inherited)",
				);
				GCC_WARN_64_TO_32_BIT_CONVERSION = YES;
				GCC_WARN_ABOUT_RETURN_TYPE = YES_ERROR;
				GCC_WARN_UNDECLARED_SELECTOR = YES;
				GCC_WARN_UNINITIALIZED_AUTOS = YES_AGGRESSIVE;
				GCC_WARN_UNUSED_FUNCTION = YES;
				GCC_WARN_UNUSED_VARIABLE = YES;
				IPHONEOS_DEPLOYMENT_TARGET = 9.1;
				MTL_ENABLE_DEBUG_INFO = YES;
				ONLY_ACTIVE_ARCH = YES;
				SDKROOT = iphoneos;
				SWIFT_OPTIMIZATION_LEVEL = "-Onone";
			};
			name = Debug;
		};
		179881F81BA31E3B00F91F99 /* Release */ = {
			isa = XCBuildConfiguration;
			buildSettings = {
				ALWAYS_SEARCH_USER_PATHS = NO;
				CLANG_CXX_LANGUAGE_STANDARD = "gnu++0x";
				CLANG_CXX_LIBRARY = "libc++";
				CLANG_ENABLE_MODULES = YES;
				CLANG_ENABLE_OBJC_ARC = YES;
				CLANG_WARN_BOOL_CONVERSION = YES;
				CLANG_WARN_CONSTANT_CONVERSION = YES;
				CLANG_WARN_DIRECT_OBJC_ISA_USAGE = YES_ERROR;
				CLANG_WARN_EMPTY_BODY = YES;
				CLANG_WARN_ENUM_CONVERSION = YES;
				CLANG_WARN_INT_CONVERSION = YES;
				CLANG_WARN_OBJC_ROOT_CLASS = YES_ERROR;
				CLANG_WARN_UNREACHABLE_CODE = YES;
				CLANG_WARN__DUPLICATE_METHOD_MATCH = YES;
				"CODE_SIGN_IDENTITY[sdk=iphoneos*]" = "iPhone Developer";
				COPY_PHASE_STRIP = NO;
				DEBUG_INFORMATION_FORMAT = "dwarf-with-dsym";
				ENABLE_NS_ASSERTIONS = NO;
				ENABLE_STRICT_OBJC_MSGSEND = YES;
				GCC_C_LANGUAGE_STANDARD = gnu99;
				GCC_NO_COMMON_BLOCKS = YES;
				GCC_WARN_64_TO_32_BIT_CONVERSION = YES;
				GCC_WARN_ABOUT_RETURN_TYPE = YES_ERROR;
				GCC_WARN_UNDECLARED_SELECTOR = YES;
				GCC_WARN_UNINITIALIZED_AUTOS = YES_AGGRESSIVE;
				GCC_WARN_UNUSED_FUNCTION = YES;
				GCC_WARN_UNUSED_VARIABLE = YES;
				IPHONEOS_DEPLOYMENT_TARGET = 9.1;
				MTL_ENABLE_DEBUG_INFO = NO;
				SDKROOT = iphoneos;
				VALIDATE_PRODUCT = YES;
			};
			name = Release;
		};
		179881FA1BA31E3B00F91F99 /* Debug */ = {
			isa = XCBuildConfiguration;
			buildSettings = {
				ASSETCATALOG_COMPILER_APPICON_NAME = AppIcon;
				INFOPLIST_FILE = LogoHidder/Info.plist;
				LD_RUNPATH_SEARCH_PATHS = "$(inherited) @executable_path/Frameworks";
				PRODUCT_BUNDLE_IDENTIFIER = com.sightfarm.LogoHidder;
				PRODUCT_NAME = "$(TARGET_NAME)";
			};
			name = Debug;
		};
		179881FB1BA31E3B00F91F99 /* Release */ = {
			isa = XCBuildConfiguration;
			buildSettings = {
				ASSETCATALOG_COMPILER_APPICON_NAME = AppIcon;
				INFOPLIST_FILE = LogoHidder/Info.plist;
				LD_RUNPATH_SEARCH_PATHS = "$(inherited) @executable_path/Frameworks";
				PRODUCT_BUNDLE_IDENTIFIER = com.sightfarm.LogoHidder;
				PRODUCT_NAME = "$(TARGET_NAME)";
			};
			name = Release;
		};
/* End XCBuildConfiguration section */

/* Begin XCConfigurationList section */
		179881E21BA31E3A00F91F99 /* Build configuration list for PBXProject "LogoHidder" */ = {
			isa = XCConfigurationList;
			buildConfigurations = (
				179881F71BA31E3B00F91F99 /* Debug */,
				179881F81BA31E3B00F91F99 /* Release */,
			);
			defaultConfigurationIsVisible = 0;
			defaultConfigurationName = Release;
		};
		179881F91BA31E3B00F91F99 /* Build configuration list for PBXNativeTarget "LogoHidder" */ = {
			isa = XCConfigurationList;
			buildConfigurations = (
				179881FA1BA31E3B00F91F99 /* Debug */,
				179881FB1BA31E3B00F91F99 /* Release */,
			);
			defaultConfigurationIsVisible = 0;
		};
/* End XCConfigurationList section */
	};
	rootObject = 179881DF1BA31E3A00F91F99 /* Project object */;
}
